PODS:
  - Kingfisher (7.6.2)
  - RxCocoa (6.5.0):
    - RxRelay (= 6.5.0)
    - RxSwift (= 6.5.0)
  - RxRelay (6.5.0):
    - RxSwift (= 6.5.0)
  - RxSwift (6.5.0)
  - SwiftFormat/CLI (0.52.3)
  - SwiftLint (0.52.4)

DEPENDENCIES:
  - Kingfisher
  - RxCocoa
  - RxSwift
  - SwiftFormat/CLI
  - SwiftLint

SPEC REPOS:
  trunk:
    - Kingfisher
    - RxCocoa
    - RxRelay
    - RxSwift
    - SwiftFormat
    - SwiftLint

SPEC CHECKSUMS:
  Kingfisher: 6c5449c6450c5239166510ba04afe374a98afc4f
  RxCocoa: 94f817b71c07517321eb4f9ad299112ca8af743b
  RxRelay: 1de1523e604c72b6c68feadedd1af3b1b4d0ecbd
  RxSwift: 5710a9e6b17f3c3d6e40d6e559b9fa1e813b2ef8
  SwiftFormat: 5de81c42f043741a16e17ae2da012bbddc7c0b58
  SwiftLint: 1cc5cd61ba9bacb2194e340aeb47a2a37fda00b3

PODFILE CHECKSUM: 9d9e736e83b60d63b96b24c813ad0ead5745db3c

COCOAPODS: 1.11.3
